
Microsoft Visual Studio Solution File, Format Version 12.00
# Visual Studio Version 17
VisualStudioVersion = 17.10.35027.167
MinimumVisualStudioVersion = 10.0.40219.1
Project("{FAE04EC0-301F-11D3-BF4B-00C04F79EFBC}") = "GMDP Prospector Mining Drone Script", "GMDP Prospector Mining Drone Script\GMDP Prospector Mining Drone Script.csproj", "{D670E78C-FE85-4EC7-9690-732854AA2BD9}"
EndProject
Global
	GlobalSection(SolutionConfigurationPlatforms) = preSolution
		Debug|x64 = Debug|x64
		Release|x64 = Release|x64
	EndGlobalSection
	GlobalSection(ProjectConfigurationPlatforms) = postSolution
		{D670E78C-FE85-4EC7-9690-732854AA2BD9}.Debug|x64.ActiveCfg = Debug|x64
		{D670E78C-FE85-4EC7-9690-732854AA2BD9}.Debug|x64.Build.0 = Debug|x64
		{D670E78C-FE85-4EC7-9690-732854AA2BD9}.Release|x64.ActiveCfg = Release|x64
		{D670E78C-FE85-4EC7-9690-732854AA2BD9}.Release|x64.Build.0 = Release|x64
	EndGlobalSection
	GlobalSection(SolutionProperties) = preSolution
		HideSolutionNode = FALSE
	EndGlobalSection
	GlobalSection(ExtensibilityGlobals) = postSolution
		SolutionGuid = {72F43CA1-67F5-446C-9485-00E1DFA42F6F}
	EndGlobalSection
EndGlobal
